{
  "name": "quizlive",
  "version": "1.0.0",
  "lockfileVersion": 1,
  "dependencies": {
    "ionic-native-transitions": {
      "version": "1.0.3",
      "resolved": "https://registry.npmjs.org/ionic-native-transitions/-/ionic-native-transitions-1.0.3.tgz",
      "integrity": "sha1-rc2PVMogENoJDaV1UUREz4If0Lk="
    }
  }
}
